
Microsoft Visual Studio Solution File, Format Version 12.00
# Visual Studio Version 17
VisualStudioVersion = 17.0.31903.59
MinimumVisualStudioVersion = 10.0.40219.1
Project("{2150E333-8FDC-42A3-9474-1A3956D46DE8}") = "src", "src", "{827E0CD3-B72D-47B6-A68D-7590B98EB39B}"
EndProject
Project("{FAE04EC0-301F-11D3-BF4B-00C04F79EFBC}") = "HotelBooking.Api", "src\HotelBooking.Api\HotelBooking.Api.csproj", "{3D281D2A-A174-4FA6-B045-F34B3113C7AD}"
EndProject
Project("{FAE04EC0-301F-11D3-BF4B-00C04F79EFBC}") = "HotelBooking.Application", "src\HotelBooking.Application\HotelBooking.Application.csproj", "{4936E9D4-D894-46EF-A895-B1E65DD92513}"
EndProject
Project("{FAE04EC0-301F-11D3-BF4B-00C04F79EFBC}") = "HotelBooking.Contracts", "src\HotelBooking.Contracts\HotelBooking.Contracts.csproj", "{2693588B-3126-455B-89B6-8C7C4AD9A866}"
EndProject
Project("{FAE04EC0-301F-11D3-BF4B-00C04F79EFBC}") = "HotelBooking.Domain", "src\HotelBooking.Domain\HotelBooking.Domain.csproj", "{5D7C7D1D-F0F9-48F7-BED0-A4E855014C43}"
EndProject
Project("{FAE04EC0-301F-11D3-BF4B-00C04F79EFBC}") = "HotelBooking.Infrastructure", "src\HotelBooking.Infrastructure\HotelBooking.Infrastructure.csproj", "{33BE25AD-DEDC-4DB0-95D1-C0A85C61FAB8}"
EndProject
Project("{2150E333-8FDC-42A3-9474-1A3956D46DE8}") = "tests", "tests", "{0AB3BF05-4346-4AA6-1389-037BE0695223}"
EndProject
Project("{FAE04EC0-301F-11D3-BF4B-00C04F79EFBC}") = "HotelBooking.Domain.Tests", "tests\HotelBooking.Domain.Tests\HotelBooking.Domain.Tests.csproj", "{E536335A-6BF2-4526-AE69-7D8C330A811B}"
EndProject
Project("{FAE04EC0-301F-11D3-BF4B-00C04F79EFBC}") = "HotelBooking.Application.Tests", "tests\HotelBooking.Application.Tests\HotelBooking.Application.Tests.csproj", "{C0E5AA67-5043-4297-B978-C40E7C001C51}"
EndProject
Project("{FAE04EC0-301F-11D3-BF4B-00C04F79EFBC}") = "HotelBooking.Api.IntegrationTests", "tests\HotelBooking.Api.IntegrationTests\HotelBooking.Api.IntegrationTests.csproj", "{2D7E452D-4809-4FDC-96FA-0AD233765FE4}"
EndProject
Global
	GlobalSection(SolutionConfigurationPlatforms) = preSolution
		Debug|Any CPU = Debug|Any CPU
		Debug|x64 = Debug|x64
		Debug|x86 = Debug|x86
		Release|Any CPU = Release|Any CPU
		Release|x64 = Release|x64
		Release|x86 = Release|x86
	EndGlobalSection
	GlobalSection(ProjectConfigurationPlatforms) = postSolution
		{3D281D2A-A174-4FA6-B045-F34B3113C7AD}.Debug|Any CPU.ActiveCfg = Debug|Any CPU
		{3D281D2A-A174-4FA6-B045-F34B3113C7AD}.Debug|Any CPU.Build.0 = Debug|Any CPU
		{3D281D2A-A174-4FA6-B045-F34B3113C7AD}.Debug|x64.ActiveCfg = Debug|Any CPU
		{3D281D2A-A174-4FA6-B045-F34B3113C7AD}.Debug|x64.Build.0 = Debug|Any CPU
		{3D281D2A-A174-4FA6-B045-F34B3113C7AD}.Debug|x86.ActiveCfg = Debug|Any CPU
		{3D281D2A-A174-4FA6-B045-F34B3113C7AD}.Debug|x86.Build.0 = Debug|Any CPU
		{3D281D2A-A174-4FA6-B045-F34B3113C7AD}.Release|Any CPU.ActiveCfg = Release|Any CPU
		{3D281D2A-A174-4FA6-B045-F34B3113C7AD}.Release|Any CPU.Build.0 = Release|Any CPU
		{3D281D2A-A174-4FA6-B045-F34B3113C7AD}.Release|x64.ActiveCfg = Release|Any CPU
		{3D281D2A-A174-4FA6-B045-F34B3113C7AD}.Release|x64.Build.0 = Release|Any CPU
		{3D281D2A-A174-4FA6-B045-F34B3113C7AD}.Release|x86.ActiveCfg = Release|Any CPU
		{3D281D2A-A174-4FA6-B045-F34B3113C7AD}.Release|x86.Build.0 = Release|Any CPU
		{4936E9D4-D894-46EF-A895-B1E65DD92513}.Debug|Any CPU.ActiveCfg = Debug|Any CPU
		{4936E9D4-D894-46EF-A895-B1E65DD92513}.Debug|Any CPU.Build.0 = Debug|Any CPU
		{4936E9D4-D894-46EF-A895-B1E65DD92513}.Debug|x64.ActiveCfg = Debug|Any CPU
		{4936E9D4-D894-46EF-A895-B1E65DD92513}.Debug|x64.Build.0 = Debug|Any CPU
		{4936E9D4-D894-46EF-A895-B1E65DD92513}.Debug|x86.ActiveCfg = Debug|Any CPU
		{4936E9D4-D894-46EF-A895-B1E65DD92513}.Debug|x86.Build.0 = Debug|Any CPU
		{4936E9D4-D894-46EF-A895-B1E65DD92513}.Release|Any CPU.ActiveCfg = Release|Any CPU
		{4936E9D4-D894-46EF-A895-B1E65DD92513}.Release|Any CPU.Build.0 = Release|Any CPU
		{4936E9D4-D894-46EF-A895-B1E65DD92513}.Release|x64.ActiveCfg = Release|Any CPU
		{4936E9D4-D894-46EF-A895-B1E65DD92513}.Release|x64.Build.0 = Release|Any CPU
		{4936E9D4-D894-46EF-A895-B1E65DD92513}.Release|x86.ActiveCfg = Release|Any CPU
		{4936E9D4-D894-46EF-A895-B1E65DD92513}.Release|x86.Build.0 = Release|Any CPU
		{2693588B-3126-455B-89B6-8C7C4AD9A866}.Debug|Any CPU.ActiveCfg = Debug|Any CPU
		{2693588B-3126-455B-89B6-8C7C4AD9A866}.Debug|Any CPU.Build.0 = Debug|Any CPU
		{2693588B-3126-455B-89B6-8C7C4AD9A866}.Debug|x64.ActiveCfg = Debug|Any CPU
		{2693588B-3126-455B-89B6-8C7C4AD9A866}.Debug|x64.Build.0 = Debug|Any CPU
		{2693588B-3126-455B-89B6-8C7C4AD9A866}.Debug|x86.ActiveCfg = Debug|Any CPU
		{2693588B-3126-455B-89B6-8C7C4AD9A866}.Debug|x86.Build.0 = Debug|Any CPU
		{2693588B-3126-455B-89B6-8C7C4AD9A866}.Release|Any CPU.ActiveCfg = Release|Any CPU
		{2693588B-3126-455B-89B6-8C7C4AD9A866}.Release|Any CPU.Build.0 = Release|Any CPU
		{2693588B-3126-455B-89B6-8C7C4AD9A866}.Release|x64.ActiveCfg = Release|Any CPU
		{2693588B-3126-455B-89B6-8C7C4AD9A866}.Release|x64.Build.0 = Release|Any CPU
		{2693588B-3126-455B-89B6-8C7C4AD9A866}.Release|x86.ActiveCfg = Release|Any CPU
		{2693588B-3126-455B-89B6-8C7C4AD9A866}.Release|x86.Build.0 = Release|Any CPU
		{5D7C7D1D-F0F9-48F7-BED0-A4E855014C43}.Debug|Any CPU.ActiveCfg = Debug|Any CPU
		{5D7C7D1D-F0F9-48F7-BED0-A4E855014C43}.Debug|Any CPU.Build.0 = Debug|Any CPU
		{5D7C7D1D-F0F9-48F7-BED0-A4E855014C43}.Debug|x64.ActiveCfg = Debug|Any CPU
		{5D7C7D1D-F0F9-48F7-BED0-A4E855014C43}.Debug|x64.Build.0 = Debug|Any CPU
		{5D7C7D1D-F0F9-48F7-BED0-A4E855014C43}.Debug|x86.ActiveCfg = Debug|Any CPU
		{5D7C7D1D-F0F9-48F7-BED0-A4E855014C43}.Debug|x86.Build.0 = Debug|Any CPU
		{5D7C7D1D-F0F9-48F7-BED0-A4E855014C43}.Release|Any CPU.ActiveCfg = Release|Any CPU
		{5D7C7D1D-F0F9-48F7-BED0-A4E855014C43}.Release|Any CPU.Build.0 = Release|Any CPU
		{5D7C7D1D-F0F9-48F7-BED0-A4E855014C43}.Release|x64.ActiveCfg = Release|Any CPU
		{5D7C7D1D-F0F9-48F7-BED0-A4E855014C43}.Release|x64.Build.0 = Release|Any CPU
		{5D7C7D1D-F0F9-48F7-BED0-A4E855014C43}.Release|x86.ActiveCfg = Release|Any CPU
		{5D7C7D1D-F0F9-48F7-BED0-A4E855014C43}.Release|x86.Build.0 = Release|Any CPU
		{33BE25AD-DEDC-4DB0-95D1-C0A85C61FAB8}.Debug|Any CPU.ActiveCfg = Debug|Any CPU
		{33BE25AD-DEDC-4DB0-95D1-C0A85C61FAB8}.Debug|Any CPU.Build.0 = Debug|Any CPU
		{33BE25AD-DEDC-4DB0-95D1-C0A85C61FAB8}.Debug|x64.ActiveCfg = Debug|Any CPU
		{33BE25AD-DEDC-4DB0-95D1-C0A85C61FAB8}.Debug|x64.Build.0 = Debug|Any CPU
		{33BE25AD-DEDC-4DB0-95D1-C0A85C61FAB8}.Debug|x86.ActiveCfg = Debug|Any CPU
		{33BE25AD-DEDC-4DB0-95D1-C0A85C61FAB8}.Debug|x86.Build.0 = Debug|Any CPU
		{33BE25AD-DEDC-4DB0-95D1-C0A85C61FAB8}.Release|Any CPU.ActiveCfg = Release|Any CPU
		{33BE25AD-DEDC-4DB0-95D1-C0A85C61FAB8}.Release|Any CPU.Build.0 = Release|Any CPU
		{33BE25AD-DEDC-4DB0-95D1-C0A85C61FAB8}.Release|x64.ActiveCfg = Release|Any CPU
		{33BE25AD-DEDC-4DB0-95D1-C0A85C61FAB8}.Release|x64.Build.0 = Release|Any CPU
		{33BE25AD-DEDC-4DB0-95D1-C0A85C61FAB8}.Release|x86.ActiveCfg = Release|Any CPU
		{33BE25AD-DEDC-4DB0-95D1-C0A85C61FAB8}.Release|x86.Build.0 = Release|Any CPU
		{E536335A-6BF2-4526-AE69-7D8C330A811B}.Debug|Any CPU.ActiveCfg = Debug|Any CPU
		{E536335A-6BF2-4526-AE69-7D8C330A811B}.Debug|Any CPU.Build.0 = Debug|Any CPU
		{E536335A-6BF2-4526-AE69-7D8C330A811B}.Debug|x64.ActiveCfg = Debug|Any CPU
		{E536335A-6BF2-4526-AE69-7D8C330A811B}.Debug|x64.Build.0 = Debug|Any CPU
		{E536335A-6BF2-4526-AE69-7D8C330A811B}.Debug|x86.ActiveCfg = Debug|Any CPU
		{E536335A-6BF2-4526-AE69-7D8C330A811B}.Debug|x86.Build.0 = Debug|Any CPU
		{E536335A-6BF2-4526-AE69-7D8C330A811B}.Release|Any CPU.ActiveCfg = Release|Any CPU
		{E536335A-6BF2-4526-AE69-7D8C330A811B}.Release|Any CPU.Build.0 = Release|Any CPU
		{E536335A-6BF2-4526-AE69-7D8C330A811B}.Release|x64.ActiveCfg = Release|Any CPU
		{E536335A-6BF2-4526-AE69-7D8C330A811B}.Release|x64.Build.0 = Release|Any CPU
		{E536335A-6BF2-4526-AE69-7D8C330A811B}.Release|x86.ActiveCfg = Release|Any CPU
		{E536335A-6BF2-4526-AE69-7D8C330A811B}.Release|x86.Build.0 = Release|Any CPU
		{C0E5AA67-5043-4297-B978-C40E7C001C51}.Debug|Any CPU.ActiveCfg = Debug|Any CPU
		{C0E5AA67-5043-4297-B978-C40E7C001C51}.Debug|Any CPU.Build.0 = Debug|Any CPU
		{C0E5AA67-5043-4297-B978-C40E7C001C51}.Debug|x64.ActiveCfg = Debug|Any CPU
		{C0E5AA67-5043-4297-B978-C40E7C001C51}.Debug|x64.Build.0 = Debug|Any CPU
		{C0E5AA67-5043-4297-B978-C40E7C001C51}.Debug|x86.ActiveCfg = Debug|Any CPU
		{C0E5AA67-5043-4297-B978-C40E7C001C51}.Debug|x86.Build.0 = Debug|Any CPU
		{C0E5AA67-5043-4297-B978-C40E7C001C51}.Release|Any CPU.ActiveCfg = Release|Any CPU
		{C0E5AA67-5043-4297-B978-C40E7C001C51}.Release|Any CPU.Build.0 = Release|Any CPU
		{C0E5AA67-5043-4297-B978-C40E7C001C51}.Release|x64.ActiveCfg = Release|Any CPU
		{C0E5AA67-5043-4297-B978-C40E7C001C51}.Release|x64.Build.0 = Release|Any CPU
		{C0E5AA67-5043-4297-B978-C40E7C001C51}.Release|x86.ActiveCfg = Release|Any CPU
		{C0E5AA67-5043-4297-B978-C40E7C001C51}.Release|x86.Build.0 = Release|Any CPU
		{2D7E452D-4809-4FDC-96FA-0AD233765FE4}.Debug|Any CPU.ActiveCfg = Debug|Any CPU
		{2D7E452D-4809-4FDC-96FA-0AD233765FE4}.Debug|Any CPU.Build.0 = Debug|Any CPU
		{2D7E452D-4809-4FDC-96FA-0AD233765FE4}.Debug|x64.ActiveCfg = Debug|Any CPU
		{2D7E452D-4809-4FDC-96FA-0AD233765FE4}.Debug|x64.Build.0 = Debug|Any CPU
		{2D7E452D-4809-4FDC-96FA-0AD233765FE4}.Debug|x86.ActiveCfg = Debug|Any CPU
		{2D7E452D-4809-4FDC-96FA-0AD233765FE4}.Debug|x86.Build.0 = Debug|Any CPU
		{2D7E452D-4809-4FDC-96FA-0AD233765FE4}.Release|Any CPU.ActiveCfg = Release|Any CPU
		{2D7E452D-4809-4FDC-96FA-0AD233765FE4}.Release|Any CPU.Build.0 = Release|Any CPU
		{2D7E452D-4809-4FDC-96FA-0AD233765FE4}.Release|x64.ActiveCfg = Release|Any CPU
		{2D7E452D-4809-4FDC-96FA-0AD233765FE4}.Release|x64.Build.0 = Release|Any CPU
		{2D7E452D-4809-4FDC-96FA-0AD233765FE4}.Release|x86.ActiveCfg = Release|Any CPU
		{2D7E452D-4809-4FDC-96FA-0AD233765FE4}.Release|x86.Build.0 = Release|Any CPU
	EndGlobalSection
	GlobalSection(SolutionProperties) = preSolution
		HideSolutionNode = FALSE
	EndGlobalSection
	GlobalSection(NestedProjects) = preSolution
		{3D281D2A-A174-4FA6-B045-F34B3113C7AD} = {827E0CD3-B72D-47B6-A68D-7590B98EB39B}
		{4936E9D4-D894-46EF-A895-B1E65DD92513} = {827E0CD3-B72D-47B6-A68D-7590B98EB39B}
		{2693588B-3126-455B-89B6-8C7C4AD9A866} = {827E0CD3-B72D-47B6-A68D-7590B98EB39B}
		{5D7C7D1D-F0F9-48F7-BED0-A4E855014C43} = {827E0CD3-B72D-47B6-A68D-7590B98EB39B}
		{33BE25AD-DEDC-4DB0-95D1-C0A85C61FAB8} = {827E0CD3-B72D-47B6-A68D-7590B98EB39B}
		{E536335A-6BF2-4526-AE69-7D8C330A811B} = {0AB3BF05-4346-4AA6-1389-037BE0695223}
		{C0E5AA67-5043-4297-B978-C40E7C001C51} = {0AB3BF05-4346-4AA6-1389-037BE0695223}
		{2D7E452D-4809-4FDC-96FA-0AD233765FE4} = {0AB3BF05-4346-4AA6-1389-037BE0695223}
	EndGlobalSection
	GlobalSection(ExtensibilityGlobals) = postSolution
		SolutionGuid = {86241851-5F9C-4410-AB7B-D086E0792922}
	EndGlobalSection
EndGlobal
