
Microsoft Visual Studio Solution File, Format Version 12.00
# Visual Studio Version 17
VisualStudioVersion = 17.0.31903.59
MinimumVisualStudioVersion = 10.0.40219.1
Project("{2150E333-8FDC-42A3-9474-1A3956D46DE8}") = "src", "src", "{827E0CD3-B72D-47B6-A68D-7590B98EB39B}"
EndProject
Project("{FAE04EC0-301F-11D3-BF4B-00C04F79EFBC}") = "HotelBooking.Domain", "src\HotelBooking.Domain\HotelBooking.Domain.csproj", "{7B63B6AE-131A-4A32-8A71-5ED0A46DDDCA}"
EndProject
Project("{FAE04EC0-301F-11D3-BF4B-00C04F79EFBC}") = "HotelBooking.Application", "src\HotelBooking.Application\HotelBooking.Application.csproj", "{D60BD957-C7CA-44B2-87A6-9C56AD88BF9B}"
EndProject
Project("{FAE04EC0-301F-11D3-BF4B-00C04F79EFBC}") = "HotelBooking.Infrastructure", "src\HotelBooking.Infrastructure\HotelBooking.Infrastructure.csproj", "{9314318C-F1F3-4A1E-AB1B-81C46F5E238B}"
EndProject
Project("{FAE04EC0-301F-11D3-BF4B-00C04F79EFBC}") = "HotelBooking.Api", "src\HotelBooking.Api\HotelBooking.Api.csproj", "{08C4C805-2C56-42A9-BD22-85B72028F95A}"
EndProject
Project("{FAE04EC0-301F-11D3-BF4B-00C04F79EFBC}") = "HotelBooking.Contracts", "src\HotelBooking.Contracts\HotelBooking.Contracts.csproj", "{F370EBAD-3F50-4827-BB30-CBA07D87D8CE}"
EndProject
Project("{FAE04EC0-301F-11D3-BF4B-00C04F79EFBC}") = "HotelBooking.Domain.UnitTests", "tests\HotelBooking.Domain.UnitTests\HotelBooking.Domain.UnitTests.csproj", "{01E03F4E-667A-4282-B5C7-2C78AF8E84E2}"
EndProject
Project("{FAE04EC0-301F-11D3-BF4B-00C04F79EFBC}") = "HotelBooking.Application.UnitTests", "tests\HotelBooking.Application.UnitTests\HotelBooking.Application.UnitTests.csproj", "{61756947-96D8-4CF0-BEB1-564FA011CEED}"
EndProject
Project("{FAE04EC0-301F-11D3-BF4B-00C04F79EFBC}") = "HotelBooking.Application.SubcutaneousTests", "tests\HotelBooking.Application.SubcutaneousTests\HotelBooking.Application.SubcutaneousTests.csproj", "{BA10F84A-82CB-4F24-A566-C765315096F3}"
EndProject
Project("{FAE04EC0-301F-11D3-BF4B-00C04F79EFBC}") = "HotelBooking.Api.IntegrationTests", "tests\HotelBooking.Api.IntegrationTests\HotelBooking.Api.IntegrationTests.csproj", "{4B9D0D61-4BFA-47A2-B260-AE9FC3E51BAC}"
EndProject
Project("{FAE04EC0-301F-11D3-BF4B-00C04F79EFBC}") = "HotelBooking.Tests.Common", "tests\HotelBooking.Tests.Common\HotelBooking.Tests.Common.csproj", "{AF95560B-A6DD-41D2-86A2-A3D7A057A7D6}"
EndProject
Project("{2150E333-8FDC-42A3-9474-1A3956D46DE8}") = "tests", "tests", "{02EA681E-C7D8-13C7-8484-4AC65E1B71E8}"
EndProject
Global
	GlobalSection(SolutionConfigurationPlatforms) = preSolution
		Debug|Any CPU = Debug|Any CPU
		Debug|x64 = Debug|x64
		Debug|x86 = Debug|x86
		Release|Any CPU = Release|Any CPU
		Release|x64 = Release|x64
		Release|x86 = Release|x86
	EndGlobalSection
	GlobalSection(ProjectConfigurationPlatforms) = postSolution
		{7B63B6AE-131A-4A32-8A71-5ED0A46DDDCA}.Debug|Any CPU.ActiveCfg = Debug|Any CPU
		{7B63B6AE-131A-4A32-8A71-5ED0A46DDDCA}.Debug|Any CPU.Build.0 = Debug|Any CPU
		{7B63B6AE-131A-4A32-8A71-5ED0A46DDDCA}.Debug|x64.ActiveCfg = Debug|Any CPU
		{7B63B6AE-131A-4A32-8A71-5ED0A46DDDCA}.Debug|x64.Build.0 = Debug|Any CPU
		{7B63B6AE-131A-4A32-8A71-5ED0A46DDDCA}.Debug|x86.ActiveCfg = Debug|Any CPU
		{7B63B6AE-131A-4A32-8A71-5ED0A46DDDCA}.Debug|x86.Build.0 = Debug|Any CPU
		{7B63B6AE-131A-4A32-8A71-5ED0A46DDDCA}.Release|Any CPU.ActiveCfg = Release|Any CPU
		{7B63B6AE-131A-4A32-8A71-5ED0A46DDDCA}.Release|Any CPU.Build.0 = Release|Any CPU
		{7B63B6AE-131A-4A32-8A71-5ED0A46DDDCA}.Release|x64.ActiveCfg = Release|Any CPU
		{7B63B6AE-131A-4A32-8A71-5ED0A46DDDCA}.Release|x64.Build.0 = Release|Any CPU
		{7B63B6AE-131A-4A32-8A71-5ED0A46DDDCA}.Release|x86.ActiveCfg = Release|Any CPU
		{7B63B6AE-131A-4A32-8A71-5ED0A46DDDCA}.Release|x86.Build.0 = Release|Any CPU
		{D60BD957-C7CA-44B2-87A6-9C56AD88BF9B}.Debug|Any CPU.ActiveCfg = Debug|Any CPU
		{D60BD957-C7CA-44B2-87A6-9C56AD88BF9B}.Debug|Any CPU.Build.0 = Debug|Any CPU
		{D60BD957-C7CA-44B2-87A6-9C56AD88BF9B}.Debug|x64.ActiveCfg = Debug|Any CPU
		{D60BD957-C7CA-44B2-87A6-9C56AD88BF9B}.Debug|x64.Build.0 = Debug|Any CPU
		{D60BD957-C7CA-44B2-87A6-9C56AD88BF9B}.Debug|x86.ActiveCfg = Debug|Any CPU
		{D60BD957-C7CA-44B2-87A6-9C56AD88BF9B}.Debug|x86.Build.0 = Debug|Any CPU
		{D60BD957-C7CA-44B2-87A6-9C56AD88BF9B}.Release|Any CPU.ActiveCfg = Release|Any CPU
		{D60BD957-C7CA-44B2-87A6-9C56AD88BF9B}.Release|Any CPU.Build.0 = Release|Any CPU
		{D60BD957-C7CA-44B2-87A6-9C56AD88BF9B}.Release|x64.ActiveCfg = Release|Any CPU
		{D60BD957-C7CA-44B2-87A6-9C56AD88BF9B}.Release|x64.Build.0 = Release|Any CPU
		{D60BD957-C7CA-44B2-87A6-9C56AD88BF9B}.Release|x86.ActiveCfg = Release|Any CPU
		{D60BD957-C7CA-44B2-87A6-9C56AD88BF9B}.Release|x86.Build.0 = Release|Any CPU
		{9314318C-F1F3-4A1E-AB1B-81C46F5E238B}.Debug|Any CPU.ActiveCfg = Debug|Any CPU
		{9314318C-F1F3-4A1E-AB1B-81C46F5E238B}.Debug|Any CPU.Build.0 = Debug|Any CPU
		{9314318C-F1F3-4A1E-AB1B-81C46F5E238B}.Debug|x64.ActiveCfg = Debug|Any CPU
		{9314318C-F1F3-4A1E-AB1B-81C46F5E238B}.Debug|x64.Build.0 = Debug|Any CPU
		{9314318C-F1F3-4A1E-AB1B-81C46F5E238B}.Debug|x86.ActiveCfg = Debug|Any CPU
		{9314318C-F1F3-4A1E-AB1B-81C46F5E238B}.Debug|x86.Build.0 = Debug|Any CPU
		{9314318C-F1F3-4A1E-AB1B-81C46F5E238B}.Release|Any CPU.ActiveCfg = Release|Any CPU
		{9314318C-F1F3-4A1E-AB1B-81C46F5E238B}.Release|Any CPU.Build.0 = Release|Any CPU
		{9314318C-F1F3-4A1E-AB1B-81C46F5E238B}.Release|x64.ActiveCfg = Release|Any CPU
		{9314318C-F1F3-4A1E-AB1B-81C46F5E238B}.Release|x64.Build.0 = Release|Any CPU
		{9314318C-F1F3-4A1E-AB1B-81C46F5E238B}.Release|x86.ActiveCfg = Release|Any CPU
		{9314318C-F1F3-4A1E-AB1B-81C46F5E238B}.Release|x86.Build.0 = Release|Any CPU
		{08C4C805-2C56-42A9-BD22-85B72028F95A}.Debug|Any CPU.ActiveCfg = Debug|Any CPU
		{08C4C805-2C56-42A9-BD22-85B72028F95A}.Debug|Any CPU.Build.0 = Debug|Any CPU
		{08C4C805-2C56-42A9-BD22-85B72028F95A}.Debug|x64.ActiveCfg = Debug|Any CPU
		{08C4C805-2C56-42A9-BD22-85B72028F95A}.Debug|x64.Build.0 = Debug|Any CPU
		{08C4C805-2C56-42A9-BD22-85B72028F95A}.Debug|x86.ActiveCfg = Debug|Any CPU
		{08C4C805-2C56-42A9-BD22-85B72028F95A}.Debug|x86.Build.0 = Debug|Any CPU
		{08C4C805-2C56-42A9-BD22-85B72028F95A}.Release|Any CPU.ActiveCfg = Release|Any CPU
		{08C4C805-2C56-42A9-BD22-85B72028F95A}.Release|Any CPU.Build.0 = Release|Any CPU
		{08C4C805-2C56-42A9-BD22-85B72028F95A}.Release|x64.ActiveCfg = Release|Any CPU
		{08C4C805-2C56-42A9-BD22-85B72028F95A}.Release|x64.Build.0 = Release|Any CPU
		{08C4C805-2C56-42A9-BD22-85B72028F95A}.Release|x86.ActiveCfg = Release|Any CPU
		{08C4C805-2C56-42A9-BD22-85B72028F95A}.Release|x86.Build.0 = Release|Any CPU
		{F370EBAD-3F50-4827-BB30-CBA07D87D8CE}.Debug|Any CPU.ActiveCfg = Debug|Any CPU
		{F370EBAD-3F50-4827-BB30-CBA07D87D8CE}.Debug|Any CPU.Build.0 = Debug|Any CPU
		{F370EBAD-3F50-4827-BB30-CBA07D87D8CE}.Debug|x64.ActiveCfg = Debug|Any CPU
		{F370EBAD-3F50-4827-BB30-CBA07D87D8CE}.Debug|x64.Build.0 = Debug|Any CPU
		{F370EBAD-3F50-4827-BB30-CBA07D87D8CE}.Debug|x86.ActiveCfg = Debug|Any CPU
		{F370EBAD-3F50-4827-BB30-CBA07D87D8CE}.Debug|x86.Build.0 = Debug|Any CPU
		{F370EBAD-3F50-4827-BB30-CBA07D87D8CE}.Release|Any CPU.ActiveCfg = Release|Any CPU
		{F370EBAD-3F50-4827-BB30-CBA07D87D8CE}.Release|Any CPU.Build.0 = Release|Any CPU
		{F370EBAD-3F50-4827-BB30-CBA07D87D8CE}.Release|x64.ActiveCfg = Release|Any CPU
		{F370EBAD-3F50-4827-BB30-CBA07D87D8CE}.Release|x64.Build.0 = Release|Any CPU
		{F370EBAD-3F50-4827-BB30-CBA07D87D8CE}.Release|x86.ActiveCfg = Release|Any CPU
		{F370EBAD-3F50-4827-BB30-CBA07D87D8CE}.Release|x86.Build.0 = Release|Any CPU
		{01E03F4E-667A-4282-B5C7-2C78AF8E84E2}.Debug|Any CPU.ActiveCfg = Debug|Any CPU
		{01E03F4E-667A-4282-B5C7-2C78AF8E84E2}.Debug|Any CPU.Build.0 = Debug|Any CPU
		{01E03F4E-667A-4282-B5C7-2C78AF8E84E2}.Debug|x64.ActiveCfg = Debug|Any CPU
		{01E03F4E-667A-4282-B5C7-2C78AF8E84E2}.Debug|x64.Build.0 = Debug|Any CPU
		{01E03F4E-667A-4282-B5C7-2C78AF8E84E2}.Debug|x86.ActiveCfg = Debug|Any CPU
		{01E03F4E-667A-4282-B5C7-2C78AF8E84E2}.Debug|x86.Build.0 = Debug|Any CPU
		{01E03F4E-667A-4282-B5C7-2C78AF8E84E2}.Release|Any CPU.ActiveCfg = Release|Any CPU
		{01E03F4E-667A-4282-B5C7-2C78AF8E84E2}.Release|Any CPU.Build.0 = Release|Any CPU
		{01E03F4E-667A-4282-B5C7-2C78AF8E84E2}.Release|x64.ActiveCfg = Release|Any CPU
		{01E03F4E-667A-4282-B5C7-2C78AF8E84E2}.Release|x64.Build.0 = Release|Any CPU
		{01E03F4E-667A-4282-B5C7-2C78AF8E84E2}.Release|x86.ActiveCfg = Release|Any CPU
		{01E03F4E-667A-4282-B5C7-2C78AF8E84E2}.Release|x86.Build.0 = Release|Any CPU
		{61756947-96D8-4CF0-BEB1-564FA011CEED}.Debug|Any CPU.ActiveCfg = Debug|Any CPU
		{61756947-96D8-4CF0-BEB1-564FA011CEED}.Debug|Any CPU.Build.0 = Debug|Any CPU
		{61756947-96D8-4CF0-BEB1-564FA011CEED}.Debug|x64.ActiveCfg = Debug|Any CPU
		{61756947-96D8-4CF0-BEB1-564FA011CEED}.Debug|x64.Build.0 = Debug|Any CPU
		{61756947-96D8-4CF0-BEB1-564FA011CEED}.Debug|x86.ActiveCfg = Debug|Any CPU
		{61756947-96D8-4CF0-BEB1-564FA011CEED}.Debug|x86.Build.0 = Debug|Any CPU
		{61756947-96D8-4CF0-BEB1-564FA011CEED}.Release|Any CPU.ActiveCfg = Release|Any CPU
		{61756947-96D8-4CF0-BEB1-564FA011CEED}.Release|Any CPU.Build.0 = Release|Any CPU
		{61756947-96D8-4CF0-BEB1-564FA011CEED}.Release|x64.ActiveCfg = Release|Any CPU
		{61756947-96D8-4CF0-BEB1-564FA011CEED}.Release|x64.Build.0 = Release|Any CPU
		{61756947-96D8-4CF0-BEB1-564FA011CEED}.Release|x86.ActiveCfg = Release|Any CPU
		{61756947-96D8-4CF0-BEB1-564FA011CEED}.Release|x86.Build.0 = Release|Any CPU
		{BA10F84A-82CB-4F24-A566-C765315096F3}.Debug|Any CPU.ActiveCfg = Debug|Any CPU
		{BA10F84A-82CB-4F24-A566-C765315096F3}.Debug|Any CPU.Build.0 = Debug|Any CPU
		{BA10F84A-82CB-4F24-A566-C765315096F3}.Debug|x64.ActiveCfg = Debug|Any CPU
		{BA10F84A-82CB-4F24-A566-C765315096F3}.Debug|x64.Build.0 = Debug|Any CPU
		{BA10F84A-82CB-4F24-A566-C765315096F3}.Debug|x86.ActiveCfg = Debug|Any CPU
		{BA10F84A-82CB-4F24-A566-C765315096F3}.Debug|x86.Build.0 = Debug|Any CPU
		{BA10F84A-82CB-4F24-A566-C765315096F3}.Release|Any CPU.ActiveCfg = Release|Any CPU
		{BA10F84A-82CB-4F24-A566-C765315096F3}.Release|Any CPU.Build.0 = Release|Any CPU
		{BA10F84A-82CB-4F24-A566-C765315096F3}.Release|x64.ActiveCfg = Release|Any CPU
		{BA10F84A-82CB-4F24-A566-C765315096F3}.Release|x64.Build.0 = Release|Any CPU
		{BA10F84A-82CB-4F24-A566-C765315096F3}.Release|x86.ActiveCfg = Release|Any CPU
		{BA10F84A-82CB-4F24-A566-C765315096F3}.Release|x86.Build.0 = Release|Any CPU
		{4B9D0D61-4BFA-47A2-B260-AE9FC3E51BAC}.Debug|Any CPU.ActiveCfg = Debug|Any CPU
		{4B9D0D61-4BFA-47A2-B260-AE9FC3E51BAC}.Debug|Any CPU.Build.0 = Debug|Any CPU
		{4B9D0D61-4BFA-47A2-B260-AE9FC3E51BAC}.Debug|x64.ActiveCfg = Debug|Any CPU
		{4B9D0D61-4BFA-47A2-B260-AE9FC3E51BAC}.Debug|x64.Build.0 = Debug|Any CPU
		{4B9D0D61-4BFA-47A2-B260-AE9FC3E51BAC}.Debug|x86.ActiveCfg = Debug|Any CPU
		{4B9D0D61-4BFA-47A2-B260-AE9FC3E51BAC}.Debug|x86.Build.0 = Debug|Any CPU
		{4B9D0D61-4BFA-47A2-B260-AE9FC3E51BAC}.Release|Any CPU.ActiveCfg = Release|Any CPU
		{4B9D0D61-4BFA-47A2-B260-AE9FC3E51BAC}.Release|Any CPU.Build.0 = Release|Any CPU
		{4B9D0D61-4BFA-47A2-B260-AE9FC3E51BAC}.Release|x64.ActiveCfg = Release|Any CPU
		{4B9D0D61-4BFA-47A2-B260-AE9FC3E51BAC}.Release|x64.Build.0 = Release|Any CPU
		{4B9D0D61-4BFA-47A2-B260-AE9FC3E51BAC}.Release|x86.ActiveCfg = Release|Any CPU
		{4B9D0D61-4BFA-47A2-B260-AE9FC3E51BAC}.Release|x86.Build.0 = Release|Any CPU
		{AF95560B-A6DD-41D2-86A2-A3D7A057A7D6}.Debug|Any CPU.ActiveCfg = Debug|Any CPU
		{AF95560B-A6DD-41D2-86A2-A3D7A057A7D6}.Debug|Any CPU.Build.0 = Debug|Any CPU
		{AF95560B-A6DD-41D2-86A2-A3D7A057A7D6}.Debug|x64.ActiveCfg = Debug|Any CPU
		{AF95560B-A6DD-41D2-86A2-A3D7A057A7D6}.Debug|x64.Build.0 = Debug|Any CPU
		{AF95560B-A6DD-41D2-86A2-A3D7A057A7D6}.Debug|x86.ActiveCfg = Debug|Any CPU
		{AF95560B-A6DD-41D2-86A2-A3D7A057A7D6}.Debug|x86.Build.0 = Debug|Any CPU
		{AF95560B-A6DD-41D2-86A2-A3D7A057A7D6}.Release|Any CPU.ActiveCfg = Release|Any CPU
		{AF95560B-A6DD-41D2-86A2-A3D7A057A7D6}.Release|Any CPU.Build.0 = Release|Any CPU
		{AF95560B-A6DD-41D2-86A2-A3D7A057A7D6}.Release|x64.ActiveCfg = Release|Any CPU
		{AF95560B-A6DD-41D2-86A2-A3D7A057A7D6}.Release|x64.Build.0 = Release|Any CPU
		{AF95560B-A6DD-41D2-86A2-A3D7A057A7D6}.Release|x86.ActiveCfg = Release|Any CPU
		{AF95560B-A6DD-41D2-86A2-A3D7A057A7D6}.Release|x86.Build.0 = Release|Any CPU
	EndGlobalSection
	GlobalSection(SolutionProperties) = preSolution
		HideSolutionNode = FALSE
	EndGlobalSection
	GlobalSection(NestedProjects) = preSolution
		{7B63B6AE-131A-4A32-8A71-5ED0A46DDDCA} = {827E0CD3-B72D-47B6-A68D-7590B98EB39B}
		{D60BD957-C7CA-44B2-87A6-9C56AD88BF9B} = {827E0CD3-B72D-47B6-A68D-7590B98EB39B}
		{9314318C-F1F3-4A1E-AB1B-81C46F5E238B} = {827E0CD3-B72D-47B6-A68D-7590B98EB39B}
		{08C4C805-2C56-42A9-BD22-85B72028F95A} = {827E0CD3-B72D-47B6-A68D-7590B98EB39B}
		{F370EBAD-3F50-4827-BB30-CBA07D87D8CE} = {827E0CD3-B72D-47B6-A68D-7590B98EB39B}
		{01E03F4E-667A-4282-B5C7-2C78AF8E84E2} = {02EA681E-C7D8-13C7-8484-4AC65E1B71E8}
		{61756947-96D8-4CF0-BEB1-564FA011CEED} = {02EA681E-C7D8-13C7-8484-4AC65E1B71E8}
		{BA10F84A-82CB-4F24-A566-C765315096F3} = {02EA681E-C7D8-13C7-8484-4AC65E1B71E8}
		{4B9D0D61-4BFA-47A2-B260-AE9FC3E51BAC} = {02EA681E-C7D8-13C7-8484-4AC65E1B71E8}
		{AF95560B-A6DD-41D2-86A2-A3D7A057A7D6} = {02EA681E-C7D8-13C7-8484-4AC65E1B71E8}
	EndGlobalSection
	GlobalSection(ExtensibilityGlobals) = postSolution
		SolutionGuid = {86241851-5F9C-4410-AB7B-D086E0792922}
	EndGlobalSection
EndGlobal
